
Microsoft Visual Studio Solution File, Format Version 12.00
# Visual Studio Version 17
VisualStudioVersion = 17.0.32014.148
MinimumVisualStudioVersion = 10.0.40219.1
Project("{FAE04EC0-301F-11D3-BF4B-00C04F79EFBC}") = "Truyen du lieu băng model", "Truyen du lieu băng model.csproj", "{00E08D70-9E1A-4418-A496-DF594E9840AE}"
EndProject
Global
	GlobalSection(SolutionConfigurationPlatforms) = preSolution
		Debug|Any CPU = Debug|Any CPU
		Release|Any CPU = Release|Any CPU
	EndGlobalSection
	GlobalSection(ProjectConfigurationPlatforms) = postSolution
		{00E08D70-9E1A-4418-A496-DF594E9840AE}.Debug|Any CPU.ActiveCfg = Debug|Any CPU
		{00E08D70-9E1A-4418-A496-DF594E9840AE}.Debug|Any CPU.Build.0 = Debug|Any CPU
		{00E08D70-9E1A-4418-A496-DF594E9840AE}.Release|Any CPU.ActiveCfg = Release|Any CPU
		{00E08D70-9E1A-4418-A496-DF594E9840AE}.Release|Any CPU.Build.0 = Release|Any CPU
	EndGlobalSection
	GlobalSection(SolutionProperties) = preSolution
		HideSolutionNode = FALSE
	EndGlobalSection
	GlobalSection(ExtensibilityGlobals) = postSolution
		SolutionGuid = {E072EFD1-A770-4FD2-8DD8-8B34187E6F98}
	EndGlobalSection
EndGlobal
